// !$*UTF8*$!
{
	archiveVersion = 1;
	classes = {
	};
	objectVersion = 50;
	objects = {

/* Begin PBXBuildFile section */
		EF22FA002264117C00476EE8 /* SetGame.swift in Sources */ = {isa = PBXBuildFile; fileRef = EF22F9FF2264117C00476EE8 /* SetGame.swift */; };
		EF4030162261486C00EDDB57 /* AppDelegate.swift in Sources */ = {isa = PBXBuildFile; fileRef = EF4030152261486C00EDDB57 /* AppDelegate.swift */; };
		EF4030182261486C00EDDB57 /* SetViewController.swift in Sources */ = {isa = PBXBuildFile; fileRef = EF4030172261486C00EDDB57 /* SetViewController.swift */; };
		EF40301B2261486C00EDDB57 /* Main.storyboard in Resources */ = {isa = PBXBuildFile; fileRef = EF4030192261486C00EDDB57 /* Main.storyboard */; };
		EF40301D2261486E00EDDB57 /* Assets.xcassets in Resources */ = {isa = PBXBuildFile; fileRef = EF40301C2261486E00EDDB57 /* Assets.xcassets */; };
		EF4030202261486E00EDDB57 /* LaunchScreen.storyboard in Resources */ = {isa = PBXBuildFile; fileRef = EF40301E2261486E00EDDB57 /* LaunchScreen.storyboard */; };
		EFAA306E2262CF4000A9C2DF /* Card.swift in Sources */ = {isa = PBXBuildFile; fileRef = EFAA306D2262CF4000A9C2DF /* Card.swift */; };
/* End PBXBuildFile section */

/* Begin PBXFileReference section */
		EF22F9FF2264117C00476EE8 /* SetGame.swift */ = {isa = PBXFileReference; lastKnownFileType = sourcecode.swift; path = SetGame.swift; sourceTree = "<group>"; };
		EF4030122261486C00EDDB57 /* SetCards.app */ = {isa = PBXFileReference; explicitFileType = wrapper.application; includeInIndex = 0; path = SetCards.app; sourceTree = BUILT_PRODUCTS_DIR; };
		EF4030152261486C00EDDB57 /* AppDelegate.swift */ = {isa = PBXFileReference; lastKnownFileType = sourcecode.swift; path = AppDelegate.swift; sourceTree = "<group>"; };
		EF4030172261486C00EDDB57 /* SetViewController.swift */ = {isa = PBXFileReference; lastKnownFileType = sourcecode.swift; path = SetViewController.swift; sourceTree = "<group>"; };
		EF40301A2261486C00EDDB57 /* Base */ = {isa = PBXFileReference; lastKnownFileType = file.storyboard; name = Base; path = Base.lproj/Main.storyboard; sourceTree = "<group>"; };
		EF40301C2261486E00EDDB57 /* Assets.xcassets */ = {isa = PBXFileReference; lastKnownFileType = folder.assetcatalog; path = Assets.xcassets; sourceTree = "<group>"; };
		EF40301F2261486E00EDDB57 /* Base */ = {isa = PBXFileReference; lastKnownFileType = file.storyboard; name = Base; path = Base.lproj/LaunchScreen.storyboard; sourceTree = "<group>"; };
		EF4030212261486E00EDDB57 /* Info.plist */ = {isa = PBXFileReference; lastKnownFileType = text.plist.xml; path = Info.plist; sourceTree = "<group>"; };
		EFAA306D2262CF4000A9C2DF /* Card.swift */ = {isa = PBXFileReference; lastKnownFileType = sourcecode.swift; path = Card.swift; sourceTree = "<group>"; };
/* End PBXFileReference section */

/* Begin PBXFrameworksBuildPhase section */
		EF40300F2261486C00EDDB57 /* Frameworks */ = {
			isa = PBXFrameworksBuildPhase;
			buildActionMask = 2147483647;
			files = (
			);
			runOnlyForDeploymentPostprocessing = 0;
		};
/* End PBXFrameworksBuildPhase section */

/* Begin PBXGroup section */
		EF4030092261486C00EDDB57 = {
			isa = PBXGroup;
			children = (
				EF4030142261486C00EDDB57 /* SetCards */,
				EF4030132261486C00EDDB57 /* Products */,
			);
			sourceTree = "<group>";
		};
		EF4030132261486C00EDDB57 /* Products */ = {
			isa = PBXGroup;
			children = (
				EF4030122261486C00EDDB57 /* SetCards.app */,
			);
			name = Products;
			sourceTree = "<group>";
		};
		EF4030142261486C00EDDB57 /* SetCards */ = {
			isa = PBXGroup;
			children = (
				EF4030172261486C00EDDB57 /* SetViewController.swift */,
				EF22F9FF2264117C00476EE8 /* SetGame.swift */,
				EF4030192261486C00EDDB57 /* Main.storyboard */,
				EFAA306D2262CF4000A9C2DF /* Card.swift */,
				EF40301C2261486E00EDDB57 /* Assets.xcassets */,
				EF4030152261486C00EDDB57 /* AppDelegate.swift */,
				EF40301E2261486E00EDDB57 /* LaunchScreen.storyboard */,
				EF4030212261486E00EDDB57 /* Info.plist */,
			);
			path = SetCards;
			sourceTree = "<group>";
		};
/* End PBXGroup section */

/* Begin PBXNativeTarget section */
		EF4030112261486C00EDDB57 /* SetCards */ = {
			isa = PBXNativeTarget;
			buildConfigurationList = EF4030242261486E00EDDB57 /* Build configuration list for PBXNativeTarget "SetCards" */;
			buildPhases = (
				EF40300E2261486C00EDDB57 /* Sources */,
				EF40300F2261486C00EDDB57 /* Frameworks */,
				EF4030102261486C00EDDB57 /* Resources */,
			);
			buildRules = (
			);
			dependencies = (
			);
			name = SetCards;
			productName = SetCards;
			productReference = EF4030122261486C00EDDB57 /* SetCards.app */;
			productType = "com.apple.product-type.application";
		};
/* End PBXNativeTarget section */

/* Begin PBXProject section */
		EF40300A2261486C00EDDB57 /* Project object */ = {
			isa = PBXProject;
			attributes = {
				LastSwiftUpdateCheck = 1010;
				LastUpgradeCheck = 1010;
				ORGANIZATIONNAME = "AHMED GAMAL ";
				TargetAttributes = {
					EF4030112261486C00EDDB57 = {
						CreatedOnToolsVersion = 10.1;
					};
				};
			};
			buildConfigurationList = EF40300D2261486C00EDDB57 /* Build configuration list for PBXProject "SetCards" */;
			compatibilityVersion = "Xcode 9.3";
			developmentRegion = en;
			hasScannedForEncodings = 0;
			knownRegions = (
				en,
				Base,
			);
			mainGroup = EF4030092261486C00EDDB57;
			productRefGroup = EF4030132261486C00EDDB57 /* Products */;
			projectDirPath = "";
			projectRoot = "";
			targets = (
				EF4030112261486C00EDDB57 /* SetCards */,
			);
		};
/* End PBXProject section */

/* Begin PBXResourcesBuildPhase section */
		EF4030102261486C00EDDB57 /* Resources */ = {
			isa = PBXResourcesBuildPhase;
			buildActionMask = 2147483647;
			files = (
				EF4030202261486E00EDDB57 /* LaunchScreen.storyboard in Resources */,
				EF40301D2261486E00EDDB57 /* Assets.xcassets in Resources */,
				EF40301B2261486C00EDDB57 /* Main.storyboard in Resources */,
			);
			runOnlyForDeploymentPostprocessing = 0;
		};
/* End PBXResourcesBuildPhase section */

/* Begin PBXSourcesBuildPhase section */
		EF40300E2261486C00EDDB57 /* Sources */ = {
			isa = PBXSourcesBuildPhase;
			buildActionMask = 2147483647;
			files = (
				EF4030182261486C00EDDB57 /* SetViewController.swift in Sources */,
				EFAA306E2262CF4000A9C2DF /* Card.swift in Sources */,
				EF22FA002264117C00476EE8 /* SetGame.swift in Sources */,
				EF4030162261486C00EDDB57 /* AppDelegate.swift in Sources */,
			);
			runOnlyForDeploymentPostprocessing = 0;
		};
/* End PBXSourcesBuildPhase section */

/* Begin PBXVariantGroup section */
		EF4030192261486C00EDDB57 /* Main.storyboard */ = {
			isa = PBXVariantGroup;
			children = (
				EF40301A2261486C00EDDB57 /* Base */,
			);
			name = Main.storyboard;
			sourceTree = "<group>";
		};
		EF40301E2261486E00EDDB57 /* LaunchScreen.storyboard */ = {
			isa = PBXVariantGroup;
			children = (
				EF40301F2261486E00EDDB57 /* Base */,
			);
			name = LaunchScreen.storyboard;
			sourceTree = "<group>";
		};
/* End PBXVariantGroup section */

/* Begin XCBuildConfiguration section */
		EF4030222261486E00EDDB57 /* Debug */ = {
			isa = XCBuildConfiguration;
			buildSettings = {
				ALWAYS_SEARCH_USER_PATHS = NO;
				CLANG_ANALYZER_NONNULL = YES;
				CLANG_ANALYZER_NUMBER_OBJECT_CONVERSION = YES_AGGRESSIVE;
				CLANG_CXX_LANGUAGE_STANDARD = "gnu++14";
				CLANG_CXX_LIBRARY = "libc++";
				CLANG_ENABLE_MODULES = YES;
				CLANG_ENABLE_OBJC_ARC = YES;
				CLANG_ENABLE_OBJC_WEAK = YES;
				CLANG_WARN_BLOCK_CAPTURE_AUTORELEASING = YES;
				CLANG_WARN_BOOL_CONVERSION = YES;
				CLANG_WARN_COMMA = YES;
				CLANG_WARN_CONSTANT_CONVERSION = YES;
				CLANG_WARN_DEPRECATED_OBJC_IMPLEMENTATIONS = YES;
				CLANG_WARN_DIRECT_OBJC_ISA_USAGE = YES_ERROR;
				CLANG_WARN_DOCUMENTATION_COMMENTS = YES;
				CLANG_WARN_EMPTY_BODY = YES;
				CLANG_WARN_ENUM_CONVERSION = YES;
				CLANG_WARN_INFINITE_RECURSION = YES;
				CLANG_WARN_INT_CONVERSION = YES;
				CLANG_WARN_NON_LITERAL_NULL_CONVERSION = YES;
				CLANG_WARN_OBJC_IMPLICIT_RETAIN_SELF = YES;
				CLANG_WARN_OBJC_LITERAL_CONVERSION = YES;
				CLANG_WARN_OBJC_ROOT_CLASS = YES_ERROR;
				CLANG_WARN_RANGE_LOOP_ANALYSIS = YES;
				CLANG_WARN_STRICT_PROTOTYPES = YES;
				CLANG_WARN_SUSPICIOUS_MOVE = YES;
				CLANG_WARN_UNGUARDED_AVAILABILITY = YES_AGGRESSIVE;
				CLANG_WARN_UNREACHABLE_CODE = YES;
				CLANG_WARN__DUPLICATE_METHOD_MATCH = YES;
				CODE_SIGN_IDENTITY = "iPhone Developer";
				COPY_PHASE_STRIP = NO;
				DEBUG_INFORMATION_FORMAT = dwarf;
				ENABLE_STRICT_OBJC_MSGSEND = YES;
				ENABLE_TESTABILITY = YES;
				GCC_C_LANGUAGE_STANDARD = gnu11;
				GCC_DYNAMIC_NO_PIC = NO;
				GCC_NO_COMMON_BLOCKS = YES;
				GCC_OPTIMIZATION_LEVEL = 0;
				GCC_PREPROCESSOR_DEFINITIONS = (
					"DEBUG=1",
					"$(inherited)",
				);
				GCC_WARN_64_TO_32_BIT_CONVERSION = YES;
				GCC_WARN_ABOUT_RETURN_TYPE = YES_ERROR;
				GCC_WARN_UNDECLARED_SELECTOR = YES;
				GCC_WARN_UNINITIALIZED_AUTOS = YES_AGGRESSIVE;
				GCC_WARN_UNUSED_FUNCTION = YES;
				GCC_WARN_UNUSED_VARIABLE = YES;
				IPHONEOS_DEPLOYMENT_TARGET = 12.1;
				MTL_ENABLE_DEBUG_INFO = INCLUDE_SOURCE;
				MTL_FAST_MATH = YES;
				ONLY_ACTIVE_ARCH = YES;
				SDKROOT = iphoneos;
				SWIFT_ACTIVE_COMPILATION_CONDITIONS = DEBUG;
				SWIFT_OPTIMIZATION_LEVEL = "-Onone";
			};
			name = Debug;
		};
		EF4030232261486E00EDDB57 /* Release */ = {
			isa = XCBuildConfiguration;
			buildSettings = {
				ALWAYS_SEARCH_USER_PATHS = NO;
				CLANG_ANALYZER_NONNULL = YES;
				CLANG_ANALYZER_NUMBER_OBJECT_CONVERSION = YES_AGGRESSIVE;
				CLANG_CXX_LANGUAGE_STANDARD = "gnu++14";
				CLANG_CXX_LIBRARY = "libc++";
				CLANG_ENABLE_MODULES = YES;
				CLANG_ENABLE_OBJC_ARC = YES;
				CLANG_ENABLE_OBJC_WEAK = YES;
				CLANG_WARN_BLOCK_CAPTURE_AUTORELEASING = YES;
				CLANG_WARN_BOOL_CONVERSION = YES;
				CLANG_WARN_COMMA = YES;
				CLANG_WARN_CONSTANT_CONVERSION = YES;
				CLANG_WARN_DEPRECATED_OBJC_IMPLEMENTATIONS = YES;
				CLANG_WARN_DIRECT_OBJC_ISA_USAGE = YES_ERROR;
				CLANG_WARN_DOCUMENTATION_COMMENTS = YES;
				CLANG_WARN_EMPTY_BODY = YES;
				CLANG_WARN_ENUM_CONVERSION = YES;
				CLANG_WARN_INFINITE_RECURSION = YES;
				CLANG_WARN_INT_CONVERSION = YES;
				CLANG_WARN_NON_LITERAL_NULL_CONVERSION = YES;
				CLANG_WARN_OBJC_IMPLICIT_RETAIN_SELF = YES;
				CLANG_WARN_OBJC_LITERAL_CONVERSION = YES;
				CLANG_WARN_OBJC_ROOT_CLASS = YES_ERROR;
				CLANG_WARN_RANGE_LOOP_ANALYSIS = YES;
				CLANG_WARN_STRICT_PROTOTYPES = YES;
				CLANG_WARN_SUSPICIOUS_MOVE = YES;
				CLANG_WARN_UNGUARDED_AVAILABILITY = YES_AGGRESSIVE;
				CLANG_WARN_UNREACHABLE_CODE = YES;
				CLANG_WARN__DUPLICATE_METHOD_MATCH = YES;
				CODE_SIGN_IDENTITY = "iPhone Developer";
				COPY_PHASE_STRIP = NO;
				DEBUG_INFORMATION_FORMAT = "dwarf-with-dsym";
				ENABLE_NS_ASSERTIONS = NO;
				ENABLE_STRICT_OBJC_MSGSEND = YES;
				GCC_C_LANGUAGE_STANDARD = gnu11;
				GCC_NO_COMMON_BLOCKS = YES;
				GCC_WARN_64_TO_32_BIT_CONVERSION = YES;
				GCC_WARN_ABOUT_RETURN_TYPE = YES_ERROR;
				GCC_WARN_UNDECLARED_SELECTOR = YES;
				GCC_WARN_UNINITIALIZED_AUTOS = YES_AGGRESSIVE;
				GCC_WARN_UNUSED_FUNCTION = YES;
				GCC_WARN_UNUSED_VARIABLE = YES;
				IPHONEOS_DEPLOYMENT_TARGET = 12.1;
				MTL_ENABLE_DEBUG_INFO = NO;
				MTL_FAST_MATH = YES;
				SDKROOT = iphoneos;
				SWIFT_COMPILATION_MODE = wholemodule;
				SWIFT_OPTIMIZATION_LEVEL = "-O";
				VALIDATE_PRODUCT = YES;
			};
			name = Release;
		};
		EF4030252261486E00EDDB57 /* Debug */ = {
			isa = XCBuildConfiguration;
			buildSettings = {
				ASSETCATALOG_COMPILER_APPICON_NAME = AppIcon;
				CODE_SIGN_STYLE = Automatic;
				INFOPLIST_FILE = SetCards/Info.plist;
				LD_RUNPATH_SEARCH_PATHS = (
					"$(inherited)",
					"@executable_path/Frameworks",
				);
				PRODUCT_BUNDLE_IDENTIFIER = "gemy.-SetCards.SetCards";
				PRODUCT_NAME = "$(TARGET_NAME)";
				SWIFT_VERSION = 4.2;
				TARGETED_DEVICE_FAMILY = "1,2";
			};
			name = Debug;
		};
		EF4030262261486E00EDDB57 /* Release */ = {
			isa = XCBuildConfiguration;
			buildSettings = {
				ASSETCATALOG_COMPILER_APPICON_NAME = AppIcon;
				CODE_SIGN_STYLE = Automatic;
				INFOPLIST_FILE = SetCards/Info.plist;
				LD_RUNPATH_SEARCH_PATHS = (
					"$(inherited)",
					"@executable_path/Frameworks",
				);
				PRODUCT_BUNDLE_IDENTIFIER = "gemy.-SetCards.SetCards";
				PRODUCT_NAME = "$(TARGET_NAME)";
				SWIFT_VERSION = 4.2;
				TARGETED_DEVICE_FAMILY = "1,2";
			};
			name = Release;
		};
/* End XCBuildConfiguration section */

/* Begin XCConfigurationList section */
		EF40300D2261486C00EDDB57 /* Build configuration list for PBXProject "SetCards" */ = {
			isa = XCConfigurationList;
			buildConfigurations = (
				EF4030222261486E00EDDB57 /* Debug */,
				EF4030232261486E00EDDB57 /* Release */,
			);
			defaultConfigurationIsVisible = 0;
			defaultConfigurationName = Release;
		};
		EF4030242261486E00EDDB57 /* Build configuration list for PBXNativeTarget "SetCards" */ = {
			isa = XCConfigurationList;
			buildConfigurations = (
				EF4030252261486E00EDDB57 /* Debug */,
				EF4030262261486E00EDDB57 /* Release */,
			);
			defaultConfigurationIsVisible = 0;
			defaultConfigurationName = Release;
		};
/* End XCConfigurationList section */
	};
	rootObject = EF40300A2261486C00EDDB57 /* Project object */;
}
